
Microsoft Visual Studio Solution File, Format Version 12.00
# Visual Studio Version 17
VisualStudioVersion = 17.12.35527.113 d17.12
MinimumVisualStudioVersion = 10.0.40219.1
Project("{FAE04EC0-301F-11D3-BF4B-00C04F79EFBC}") = "SortingVisualization", "SortingVisualization.csproj", "{1322BD93-1509-4977-AE25-DAF4AC1C3651}"
EndProject
Global
	GlobalSection(SolutionConfigurationPlatforms) = preSolution
		Debug|Any CPU = Debug|Any CPU
		Release|Any CPU = Release|Any CPU
	EndGlobalSection
	GlobalSection(ProjectConfigurationPlatforms) = postSolution
		{1322BD93-1509-4977-AE25-DAF4AC1C3651}.Debug|Any CPU.ActiveCfg = Debug|Any CPU
		{1322BD93-1509-4977-AE25-DAF4AC1C3651}.Debug|Any CPU.Build.0 = Debug|Any CPU
		{1322BD93-1509-4977-AE25-DAF4AC1C3651}.Release|Any CPU.ActiveCfg = Release|Any CPU
		{1322BD93-1509-4977-AE25-DAF4AC1C3651}.Release|Any CPU.Build.0 = Release|Any CPU
	EndGlobalSection
	GlobalSection(SolutionProperties) = preSolution
		HideSolutionNode = FALSE
	EndGlobalSection
EndGlobal
